
Microsoft Visual Studio Solution File, Format Version 12.00
# Visual Studio 15
VisualStudioVersion = 15.0.28307.572
MinimumVisualStudioVersion = 10.0.40219.1
Project("{FAE04EC0-301F-11D3-BF4B-00C04F79EFBC}") = "Convertidor", "Convertidor\Convertidor.csproj", "{CA186E2A-5554-45A2-974D-5023775CE82A}"
EndProject
Global
	GlobalSection(SolutionConfigurationPlatforms) = preSolution
		Debug|Any CPU = Debug|Any CPU
		Release|Any CPU = Release|Any CPU
	EndGlobalSection
	GlobalSection(ProjectConfigurationPlatforms) = postSolution
		{CA186E2A-5554-45A2-974D-5023775CE82A}.Debug|Any CPU.ActiveCfg = Debug|Any CPU
		{CA186E2A-5554-45A2-974D-5023775CE82A}.Debug|Any CPU.Build.0 = Debug|Any CPU
		{CA186E2A-5554-45A2-974D-5023775CE82A}.Release|Any CPU.ActiveCfg = Release|Any CPU
		{CA186E2A-5554-45A2-974D-5023775CE82A}.Release|Any CPU.Build.0 = Release|Any CPU
	EndGlobalSection
	GlobalSection(SolutionProperties) = preSolution
		HideSolutionNode = FALSE
	EndGlobalSection
	GlobalSection(ExtensibilityGlobals) = postSolution
		SolutionGuid = {166FB9B8-5487-4188-99BA-CB4A9ED91E5D}
	EndGlobalSection
EndGlobal
